# THIS IS AN AUTOGENERATED FILE. DO NOT EDIT THIS FILE DIRECTLY.
# yarn lockfile v1


react-native-picker@^4.3.7:
  version "4.3.7"
  resolved "https://registry.npm.taobao.org/react-native-picker/download/react-native-picker-4.3.7.tgz#9842e8c62ff0d8b676e9514d9f9172413c0518a8"
  integrity sha1-mELoxi/w2LZ26VFNn5FyQTwFGKg=
